
Microsoft Visual Studio Solution File, Format Version 12.00
# Visual Studio Version 17
VisualStudioVersion = 17.11.35312.102
MinimumVisualStudioVersion = 10.0.40219.1
Project("{FAE04EC0-301F-11D3-BF4B-00C04F79EFBC}") = "Pustok", "Pustok\Pustok.csproj", "{9B1FB6E2-A195-40C7-A1AC-F4E52564AFE9}"
EndProject
Global
	GlobalSection(SolutionConfigurationPlatforms) = preSolution
		Debug|Any CPU = Debug|Any CPU
		Release|Any CPU = Release|Any CPU
	EndGlobalSection
	GlobalSection(ProjectConfigurationPlatforms) = postSolution
		{9B1FB6E2-A195-40C7-A1AC-F4E52564AFE9}.Debug|Any CPU.ActiveCfg = Debug|Any CPU
		{9B1FB6E2-A195-40C7-A1AC-F4E52564AFE9}.Debug|Any CPU.Build.0 = Debug|Any CPU
		{9B1FB6E2-A195-40C7-A1AC-F4E52564AFE9}.Release|Any CPU.ActiveCfg = Release|Any CPU
		{9B1FB6E2-A195-40C7-A1AC-F4E52564AFE9}.Release|Any CPU.Build.0 = Release|Any CPU
	EndGlobalSection
	GlobalSection(SolutionProperties) = preSolution
		HideSolutionNode = FALSE
	EndGlobalSection
	GlobalSection(ExtensibilityGlobals) = postSolution
		SolutionGuid = {DB436369-924D-4EC1-8877-B0D442EC4268}
	EndGlobalSection
EndGlobal
